
Microsoft Visual Studio Solution File, Format Version 12.00
# Visual Studio Version 16
VisualStudioVersion = 16.0.30517.126
MinimumVisualStudioVersion = 10.0.40219.1
Project("{FAE04EC0-301F-11D3-BF4B-00C04F79EFBC}") = "OdeToFoodNew", "OdeToFoodNew\OdeToFoodNew.csproj", "{AE6CE02C-C187-4072-B466-F5029C412A2A}"
EndProject
Project("{FAE04EC0-301F-11D3-BF4B-00C04F79EFBC}") = "OdeToFoodNew.Core", "OdeToFoodNew.Core\OdeToFoodNew.Core.csproj", "{A03039B0-55C3-4CA8-A12F-E65FA8B3709F}"
EndProject
Project("{FAE04EC0-301F-11D3-BF4B-00C04F79EFBC}") = "OdeToFoodNew.Data", "OdeToFoodNew.Data\OdeToFoodNew.Data.csproj", "{19D62D13-1336-4FA8-B709-E87CFEABC597}"
EndProject
Global
	GlobalSection(SolutionConfigurationPlatforms) = preSolution
		Debug|Any CPU = Debug|Any CPU
		Release|Any CPU = Release|Any CPU
	EndGlobalSection
	GlobalSection(ProjectConfigurationPlatforms) = postSolution
		{AE6CE02C-C187-4072-B466-F5029C412A2A}.Debug|Any CPU.ActiveCfg = Debug|Any CPU
		{AE6CE02C-C187-4072-B466-F5029C412A2A}.Debug|Any CPU.Build.0 = Debug|Any CPU
		{AE6CE02C-C187-4072-B466-F5029C412A2A}.Release|Any CPU.ActiveCfg = Release|Any CPU
		{AE6CE02C-C187-4072-B466-F5029C412A2A}.Release|Any CPU.Build.0 = Release|Any CPU
		{A03039B0-55C3-4CA8-A12F-E65FA8B3709F}.Debug|Any CPU.ActiveCfg = Debug|Any CPU
		{A03039B0-55C3-4CA8-A12F-E65FA8B3709F}.Debug|Any CPU.Build.0 = Debug|Any CPU
		{A03039B0-55C3-4CA8-A12F-E65FA8B3709F}.Release|Any CPU.ActiveCfg = Release|Any CPU
		{A03039B0-55C3-4CA8-A12F-E65FA8B3709F}.Release|Any CPU.Build.0 = Release|Any CPU
		{19D62D13-1336-4FA8-B709-E87CFEABC597}.Debug|Any CPU.ActiveCfg = Debug|Any CPU
		{19D62D13-1336-4FA8-B709-E87CFEABC597}.Debug|Any CPU.Build.0 = Debug|Any CPU
		{19D62D13-1336-4FA8-B709-E87CFEABC597}.Release|Any CPU.ActiveCfg = Release|Any CPU
		{19D62D13-1336-4FA8-B709-E87CFEABC597}.Release|Any CPU.Build.0 = Release|Any CPU
	EndGlobalSection
	GlobalSection(SolutionProperties) = preSolution
		HideSolutionNode = FALSE
	EndGlobalSection
	GlobalSection(ExtensibilityGlobals) = postSolution
		SolutionGuid = {C8863C0C-B101-4D55-84E5-7C04B60C453F}
	EndGlobalSection
EndGlobal
