
Microsoft Visual Studio Solution File, Format Version 12.00
# Visual Studio Version 16
VisualStudioVersion = 16.0.30503.244
MinimumVisualStudioVersion = 10.0.40219.1
Project("{FAE04EC0-301F-11D3-BF4B-00C04F79EFBC}") = "InterfacesExtensibility", "InterfacesExtensibility\InterfacesExtensibility.csproj", "{EC832156-2FA9-4A26-87FE-89ABA453A294}"
EndProject
Global
	GlobalSection(SolutionConfigurationPlatforms) = preSolution
		Debug|Any CPU = Debug|Any CPU
		Release|Any CPU = Release|Any CPU
	EndGlobalSection
	GlobalSection(ProjectConfigurationPlatforms) = postSolution
		{EC832156-2FA9-4A26-87FE-89ABA453A294}.Debug|Any CPU.ActiveCfg = Debug|Any CPU
		{EC832156-2FA9-4A26-87FE-89ABA453A294}.Debug|Any CPU.Build.0 = Debug|Any CPU
		{EC832156-2FA9-4A26-87FE-89ABA453A294}.Release|Any CPU.ActiveCfg = Release|Any CPU
		{EC832156-2FA9-4A26-87FE-89ABA453A294}.Release|Any CPU.Build.0 = Release|Any CPU
	EndGlobalSection
	GlobalSection(SolutionProperties) = preSolution
		HideSolutionNode = FALSE
	EndGlobalSection
	GlobalSection(ExtensibilityGlobals) = postSolution
		SolutionGuid = {54F6B00D-AF00-49E5-8BFF-23A44EBF5C0A}
	EndGlobalSection
EndGlobal
