
Microsoft Visual Studio Solution File, Format Version 12.00
# Visual Studio Version 16
VisualStudioVersion = 16.0.30517.126
MinimumVisualStudioVersion = 10.0.40219.1
Project("{FAE04EC0-301F-11D3-BF4B-00C04F79EFBC}") = "MyMvcApplication", "MyMvcApplication\MyMvcApplication.csproj", "{EC9B313D-3728-4ECA-8170-963BBDDC9266}"
EndProject
Global
	GlobalSection(SolutionConfigurationPlatforms) = preSolution
		Debug|Any CPU = Debug|Any CPU
		Release|Any CPU = Release|Any CPU
	EndGlobalSection
	GlobalSection(ProjectConfigurationPlatforms) = postSolution
		{EC9B313D-3728-4ECA-8170-963BBDDC9266}.Debug|Any CPU.ActiveCfg = Debug|Any CPU
		{EC9B313D-3728-4ECA-8170-963BBDDC9266}.Debug|Any CPU.Build.0 = Debug|Any CPU
		{EC9B313D-3728-4ECA-8170-963BBDDC9266}.Release|Any CPU.ActiveCfg = Release|Any CPU
		{EC9B313D-3728-4ECA-8170-963BBDDC9266}.Release|Any CPU.Build.0 = Release|Any CPU
	EndGlobalSection
	GlobalSection(SolutionProperties) = preSolution
		HideSolutionNode = FALSE
	EndGlobalSection
	GlobalSection(ExtensibilityGlobals) = postSolution
		SolutionGuid = {BB47919F-0593-452D-B99C-353408C90E16}
	EndGlobalSection
EndGlobal
